// !$*UTF8*$!
{
	archiveVersion = 1;
	classes = {
	};
	objectVersion = 56;
	objects = {

/* Begin PBXBuildFile section */
		894ED52C2B9715AE007E0308 /* Nunito-ExtraLightItalic.ttf in Resources */ = {isa = PBXBuildFile; fileRef = 894ED51C2B9715AD007E0308 /* Nunito-ExtraLightItalic.ttf */; };
		894ED52D2B9715AE007E0308 /* Nunito-ExtraLight.ttf in Resources */ = {isa = PBXBuildFile; fileRef = 894ED51D2B9715AD007E0308 /* Nunito-ExtraLight.ttf */; };
		894ED52E2B9715AE007E0308 /* Nunito-Italic.ttf in Resources */ = {isa = PBXBuildFile; fileRef = 894ED51E2B9715AD007E0308 /* Nunito-Italic.ttf */; };
		894ED52F2B9715AE007E0308 /* Nunito-LightItalic.ttf in Resources */ = {isa = PBXBuildFile; fileRef = 894ED51F2B9715AD007E0308 /* Nunito-LightItalic.ttf */; };
		894ED5302B9715AE007E0308 /* Nunito-BlackItalic.ttf in Resources */ = {isa = PBXBuildFile; fileRef = 894ED5202B9715AD007E0308 /* Nunito-BlackItalic.ttf */; };
		894ED5312B9715AE007E0308 /* Nunito-SemiBoldItalic.ttf in Resources */ = {isa = PBXBuildFile; fileRef = 894ED5212B9715AD007E0308 /* Nunito-SemiBoldItalic.ttf */; };
		894ED5322B9715AE007E0308 /* Nunito-BoldItalic.ttf in Resources */ = {isa = PBXBuildFile; fileRef = 894ED5222B9715AD007E0308 /* Nunito-BoldItalic.ttf */; };
		894ED5332B9715AE007E0308 /* Nunito-MediumItalic.ttf in Resources */ = {isa = PBXBuildFile; fileRef = 894ED5232B9715AD007E0308 /* Nunito-MediumItalic.ttf */; };
		894ED5342B9715AE007E0308 /* Nunito-Black.ttf in Resources */ = {isa = PBXBuildFile; fileRef = 894ED5242B9715AD007E0308 /* Nunito-Black.ttf */; };
		894ED5352B9715AE007E0308 /* Nunito-SemiBold.ttf in Resources */ = {isa = PBXBuildFile; fileRef = 894ED5252B9715AD007E0308 /* Nunito-SemiBold.ttf */; };
		894ED5362B9715AE007E0308 /* Nunito-Bold.ttf in Resources */ = {isa = PBXBuildFile; fileRef = 894ED5262B9715AD007E0308 /* Nunito-Bold.ttf */; };
		894ED5372B9715AE007E0308 /* Nunito-Medium.ttf in Resources */ = {isa = PBXBuildFile; fileRef = 894ED5272B9715AD007E0308 /* Nunito-Medium.ttf */; };
		894ED5382B9715AE007E0308 /* Nunito-Light.ttf in Resources */ = {isa = PBXBuildFile; fileRef = 894ED5282B9715AD007E0308 /* Nunito-Light.ttf */; };
		894ED5392B9715AE007E0308 /* Nunito-Regular.ttf in Resources */ = {isa = PBXBuildFile; fileRef = 894ED5292B9715AE007E0308 /* Nunito-Regular.ttf */; };
		894ED53A2B9715AE007E0308 /* Nunito-ExtraBoldItalic.ttf in Resources */ = {isa = PBXBuildFile; fileRef = 894ED52A2B9715AE007E0308 /* Nunito-ExtraBoldItalic.ttf */; };
		894ED53B2B9715AE007E0308 /* Nunito-ExtraBold.ttf in Resources */ = {isa = PBXBuildFile; fileRef = 894ED52B2B9715AE007E0308 /* Nunito-ExtraBold.ttf */; };
		894ED53D2B9736DC007E0308 /* CornerRadiusStyle.swift in Sources */ = {isa = PBXBuildFile; fileRef = 894ED53C2B9736DC007E0308 /* CornerRadiusStyle.swift */; };
		894ED53F2B973DF3007E0308 /* ManualControlBar.swift in Sources */ = {isa = PBXBuildFile; fileRef = 894ED53E2B973DF3007E0308 /* ManualControlBar.swift */; };
		8969AEF42B8F8E2700D8868D /* AppDelegate.swift in Sources */ = {isa = PBXBuildFile; fileRef = 8969AEF32B8F8E2700D8868D /* AppDelegate.swift */; };
		896AF93A2B8A299D00D4D3CF /* CameraService.swift in Sources */ = {isa = PBXBuildFile; fileRef = 896AF9392B8A299D00D4D3CF /* CameraService.swift */; };
		8975373F2B87A2A3004FD086 /* ContentView.swift in Sources */ = {isa = PBXBuildFile; fileRef = 8975373E2B87A2A3004FD086 /* ContentView.swift */; };
		897537412B87A2A5004FD086 /* Assets.xcassets in Resources */ = {isa = PBXBuildFile; fileRef = 897537402B87A2A5004FD086 /* Assets.xcassets */; };
		897537442B87A2A5004FD086 /* Preview Assets.xcassets in Resources */ = {isa = PBXBuildFile; fileRef = 897537432B87A2A5004FD086 /* Preview Assets.xcassets */; };
		89A784052B90A544004CB8D0 /* PermissionsManager.swift in Sources */ = {isa = PBXBuildFile; fileRef = 89A784042B90A544004CB8D0 /* PermissionsManager.swift */; };
		89A784092B90A59C004CB8D0 /* HomeView.swift in Sources */ = {isa = PBXBuildFile; fileRef = 89A784082B90A59C004CB8D0 /* HomeView.swift */; };
		89A7840B2B90A5A8004CB8D0 /* HomeViewModel.swift in Sources */ = {isa = PBXBuildFile; fileRef = 89A7840A2B90A5A8004CB8D0 /* HomeViewModel.swift */; };
		89A7840E2B90A692004CB8D0 /* PhotoCaptureView.swift in Sources */ = {isa = PBXBuildFile; fileRef = 89A7840D2B90A692004CB8D0 /* PhotoCaptureView.swift */; };
		89A784112B90B9F2004CB8D0 /* CameraView.swift in Sources */ = {isa = PBXBuildFile; fileRef = 89A784102B90B9F2004CB8D0 /* CameraView.swift */; };
		89A784132B90BA41004CB8D0 /* CameraViewModel.swift in Sources */ = {isa = PBXBuildFile; fileRef = 89A784122B90BA41004CB8D0 /* CameraViewModel.swift */; };
		89A784162B90BD8A004CB8D0 /* DetectRotationModifier.swift in Sources */ = {isa = PBXBuildFile; fileRef = 89A784152B90BD8A004CB8D0 /* DetectRotationModifier.swift */; };
		89A784182B90BDAC004CB8D0 /* Extensions.swift in Sources */ = {isa = PBXBuildFile; fileRef = 89A784172B90BDAC004CB8D0 /* Extensions.swift */; };
		89A7841A2B90E65A004CB8D0 /* BlurView.swift in Sources */ = {isa = PBXBuildFile; fileRef = 89A784192B90E65A004CB8D0 /* BlurView.swift */; };
		89CD72AA2B99D51C00406001 /* PhotoLibraryService.swift in Sources */ = {isa = PBXBuildFile; fileRef = 89CD72A92B99D51C00406001 /* PhotoLibraryService.swift */; };
		89CD72AD2B9A076400406001 /* CameraOption.swift in Sources */ = {isa = PBXBuildFile; fileRef = 89CD72AC2B9A076400406001 /* CameraOption.swift */; };
		89CD72AF2B9A318C00406001 /* NutinoFont.swift in Sources */ = {isa = PBXBuildFile; fileRef = 89CD72AE2B9A318C00406001 /* NutinoFont.swift */; };
		89CD72B12B9A508700406001 /* ImageCompressor.swift in Sources */ = {isa = PBXBuildFile; fileRef = 89CD72B02B9A508700406001 /* ImageCompressor.swift */; };
		89CD72B32B9A548A00406001 /* FocalLengthManager.swift in Sources */ = {isa = PBXBuildFile; fileRef = 89CD72B22B9A548A00406001 /* FocalLengthManager.swift */; };
/* End PBXBuildFile section */

/* Begin PBXFileReference section */
		894ED51C2B9715AD007E0308 /* Nunito-ExtraLightItalic.ttf */ = {isa = PBXFileReference; lastKnownFileType = file; path = "Nunito-ExtraLightItalic.ttf"; sourceTree = "<group>"; };
		894ED51D2B9715AD007E0308 /* Nunito-ExtraLight.ttf */ = {isa = PBXFileReference; lastKnownFileType = file; path = "Nunito-ExtraLight.ttf"; sourceTree = "<group>"; };
		894ED51E2B9715AD007E0308 /* Nunito-Italic.ttf */ = {isa = PBXFileReference; lastKnownFileType = file; path = "Nunito-Italic.ttf"; sourceTree = "<group>"; };
		894ED51F2B9715AD007E0308 /* Nunito-LightItalic.ttf */ = {isa = PBXFileReference; lastKnownFileType = file; path = "Nunito-LightItalic.ttf"; sourceTree = "<group>"; };
		894ED5202B9715AD007E0308 /* Nunito-BlackItalic.ttf */ = {isa = PBXFileReference; lastKnownFileType = file; path = "Nunito-BlackItalic.ttf"; sourceTree = "<group>"; };
		894ED5212B9715AD007E0308 /* Nunito-SemiBoldItalic.ttf */ = {isa = PBXFileReference; lastKnownFileType = file; path = "Nunito-SemiBoldItalic.ttf"; sourceTree = "<group>"; };
		894ED5222B9715AD007E0308 /* Nunito-BoldItalic.ttf */ = {isa = PBXFileReference; lastKnownFileType = file; path = "Nunito-BoldItalic.ttf"; sourceTree = "<group>"; };
		894ED5232B9715AD007E0308 /* Nunito-MediumItalic.ttf */ = {isa = PBXFileReference; lastKnownFileType = file; path = "Nunito-MediumItalic.ttf"; sourceTree = "<group>"; };
		894ED5242B9715AD007E0308 /* Nunito-Black.ttf */ = {isa = PBXFileReference; lastKnownFileType = file; path = "Nunito-Black.ttf"; sourceTree = "<group>"; };
		894ED5252B9715AD007E0308 /* Nunito-SemiBold.ttf */ = {isa = PBXFileReference; lastKnownFileType = file; path = "Nunito-SemiBold.ttf"; sourceTree = "<group>"; };
		894ED5262B9715AD007E0308 /* Nunito-Bold.ttf */ = {isa = PBXFileReference; lastKnownFileType = file; path = "Nunito-Bold.ttf"; sourceTree = "<group>"; };
		894ED5272B9715AD007E0308 /* Nunito-Medium.ttf */ = {isa = PBXFileReference; lastKnownFileType = file; path = "Nunito-Medium.ttf"; sourceTree = "<group>"; };
		894ED5282B9715AD007E0308 /* Nunito-Light.ttf */ = {isa = PBXFileReference; lastKnownFileType = file; path = "Nunito-Light.ttf"; sourceTree = "<group>"; };
		894ED5292B9715AE007E0308 /* Nunito-Regular.ttf */ = {isa = PBXFileReference; lastKnownFileType = file; path = "Nunito-Regular.ttf"; sourceTree = "<group>"; };
		894ED52A2B9715AE007E0308 /* Nunito-ExtraBoldItalic.ttf */ = {isa = PBXFileReference; lastKnownFileType = file; path = "Nunito-ExtraBoldItalic.ttf"; sourceTree = "<group>"; };
		894ED52B2B9715AE007E0308 /* Nunito-ExtraBold.ttf */ = {isa = PBXFileReference; lastKnownFileType = file; path = "Nunito-ExtraBold.ttf"; sourceTree = "<group>"; };
		894ED53C2B9736DC007E0308 /* CornerRadiusStyle.swift */ = {isa = PBXFileReference; lastKnownFileType = sourcecode.swift; path = CornerRadiusStyle.swift; sourceTree = "<group>"; };
		894ED53E2B973DF3007E0308 /* ManualControlBar.swift */ = {isa = PBXFileReference; lastKnownFileType = sourcecode.swift; path = ManualControlBar.swift; sourceTree = "<group>"; };
		8969AEF32B8F8E2700D8868D /* AppDelegate.swift */ = {isa = PBXFileReference; lastKnownFileType = sourcecode.swift; path = AppDelegate.swift; sourceTree = "<group>"; };
		896AF9362B8A28A000D4D3CF /* Info.plist */ = {isa = PBXFileReference; lastKnownFileType = text.plist.xml; path = Info.plist; sourceTree = "<group>"; };
		896AF9392B8A299D00D4D3CF /* CameraService.swift */ = {isa = PBXFileReference; lastKnownFileType = sourcecode.swift; path = CameraService.swift; sourceTree = "<group>"; };
		897537392B87A2A3004FD086 /* Lensly.app */ = {isa = PBXFileReference; explicitFileType = wrapper.application; includeInIndex = 0; path = Lensly.app; sourceTree = BUILT_PRODUCTS_DIR; };
		8975373E2B87A2A3004FD086 /* ContentView.swift */ = {isa = PBXFileReference; lastKnownFileType = sourcecode.swift; path = ContentView.swift; sourceTree = "<group>"; };
		897537402B87A2A5004FD086 /* Assets.xcassets */ = {isa = PBXFileReference; lastKnownFileType = folder.assetcatalog; path = Assets.xcassets; sourceTree = "<group>"; };
		897537432B87A2A5004FD086 /* Preview Assets.xcassets */ = {isa = PBXFileReference; lastKnownFileType = folder.assetcatalog; path = "Preview Assets.xcassets"; sourceTree = "<group>"; };
		89A784042B90A544004CB8D0 /* PermissionsManager.swift */ = {isa = PBXFileReference; lastKnownFileType = sourcecode.swift; path = PermissionsManager.swift; sourceTree = "<group>"; };
		89A784082B90A59C004CB8D0 /* HomeView.swift */ = {isa = PBXFileReference; lastKnownFileType = sourcecode.swift; path = HomeView.swift; sourceTree = "<group>"; };
		89A7840A2B90A5A8004CB8D0 /* HomeViewModel.swift */ = {isa = PBXFileReference; lastKnownFileType = sourcecode.swift; path = HomeViewModel.swift; sourceTree = "<group>"; };
		89A7840D2B90A692004CB8D0 /* PhotoCaptureView.swift */ = {isa = PBXFileReference; lastKnownFileType = sourcecode.swift; path = PhotoCaptureView.swift; sourceTree = "<group>"; };
		89A784102B90B9F2004CB8D0 /* CameraView.swift */ = {isa = PBXFileReference; lastKnownFileType = sourcecode.swift; path = CameraView.swift; sourceTree = "<group>"; };
		89A784122B90BA41004CB8D0 /* CameraViewModel.swift */ = {isa = PBXFileReference; lastKnownFileType = sourcecode.swift; path = CameraViewModel.swift; sourceTree = "<group>"; };
		89A784152B90BD8A004CB8D0 /* DetectRotationModifier.swift */ = {isa = PBXFileReference; lastKnownFileType = sourcecode.swift; path = DetectRotationModifier.swift; sourceTree = "<group>"; };
		89A784172B90BDAC004CB8D0 /* Extensions.swift */ = {isa = PBXFileReference; lastKnownFileType = sourcecode.swift; path = Extensions.swift; sourceTree = "<group>"; };
		89A784192B90E65A004CB8D0 /* BlurView.swift */ = {isa = PBXFileReference; lastKnownFileType = sourcecode.swift; path = BlurView.swift; sourceTree = "<group>"; };
		89CD72A92B99D51C00406001 /* PhotoLibraryService.swift */ = {isa = PBXFileReference; lastKnownFileType = sourcecode.swift; path = PhotoLibraryService.swift; sourceTree = "<group>"; };
		89CD72AC2B9A076400406001 /* CameraOption.swift */ = {isa = PBXFileReference; lastKnownFileType = sourcecode.swift; path = CameraOption.swift; sourceTree = "<group>"; };
		89CD72AE2B9A318C00406001 /* NutinoFont.swift */ = {isa = PBXFileReference; lastKnownFileType = sourcecode.swift; path = NutinoFont.swift; sourceTree = "<group>"; };
		89CD72B02B9A508700406001 /* ImageCompressor.swift */ = {isa = PBXFileReference; lastKnownFileType = sourcecode.swift; path = ImageCompressor.swift; sourceTree = "<group>"; };
		89CD72B22B9A548A00406001 /* FocalLengthManager.swift */ = {isa = PBXFileReference; lastKnownFileType = sourcecode.swift; path = FocalLengthManager.swift; sourceTree = "<group>"; };
/* End PBXFileReference section */

/* Begin PBXFrameworksBuildPhase section */
		897537362B87A2A3004FD086 /* Frameworks */ = {
			isa = PBXFrameworksBuildPhase;
			buildActionMask = 2147483647;
			files = (
			);
			runOnlyForDeploymentPostprocessing = 0;
		};
/* End PBXFrameworksBuildPhase section */

/* Begin PBXGroup section */
		894ED51B2B9714C7007E0308 /* Fonts */ = {
			isa = PBXGroup;
			children = (
				894ED5242B9715AD007E0308 /* Nunito-Black.ttf */,
				894ED5202B9715AD007E0308 /* Nunito-BlackItalic.ttf */,
				894ED5262B9715AD007E0308 /* Nunito-Bold.ttf */,
				894ED5222B9715AD007E0308 /* Nunito-BoldItalic.ttf */,
				894ED52B2B9715AE007E0308 /* Nunito-ExtraBold.ttf */,
				894ED52A2B9715AE007E0308 /* Nunito-ExtraBoldItalic.ttf */,
				894ED51D2B9715AD007E0308 /* Nunito-ExtraLight.ttf */,
				894ED51C2B9715AD007E0308 /* Nunito-ExtraLightItalic.ttf */,
				894ED51E2B9715AD007E0308 /* Nunito-Italic.ttf */,
				894ED5282B9715AD007E0308 /* Nunito-Light.ttf */,
				894ED51F2B9715AD007E0308 /* Nunito-LightItalic.ttf */,
				894ED5272B9715AD007E0308 /* Nunito-Medium.ttf */,
				894ED5232B9715AD007E0308 /* Nunito-MediumItalic.ttf */,
				894ED5292B9715AE007E0308 /* Nunito-Regular.ttf */,
				894ED5252B9715AD007E0308 /* Nunito-SemiBold.ttf */,
				894ED5212B9715AD007E0308 /* Nunito-SemiBoldItalic.ttf */,
				89CD72AE2B9A318C00406001 /* NutinoFont.swift */,
			);
			path = Fonts;
			sourceTree = "<group>";
		};
		8969AEF52B8FDBA600D8868D /* Managers */ = {
			isa = PBXGroup;
			children = (
				89A784042B90A544004CB8D0 /* PermissionsManager.swift */,
				89CD72B22B9A548A00406001 /* FocalLengthManager.swift */,
			);
			path = Managers;
			sourceTree = "<group>";
		};
		896AF9372B8A296F00D4D3CF /* Core */ = {
			isa = PBXGroup;
			children = (
				8975373E2B87A2A3004FD086 /* ContentView.swift */,
				8969AEF32B8F8E2700D8868D /* AppDelegate.swift */,
			);
			path = Core;
			sourceTree = "<group>";
		};
		896AF9382B8A298A00D4D3CF /* Services */ = {
			isa = PBXGroup;
			children = (
				896AF9392B8A299D00D4D3CF /* CameraService.swift */,
				89CD72A92B99D51C00406001 /* PhotoLibraryService.swift */,
				89CD72B02B9A508700406001 /* ImageCompressor.swift */,
			);
			path = Services;
			sourceTree = "<group>";
		};
		897537302B87A2A3004FD086 = {
			isa = PBXGroup;
			children = (
				8975373B2B87A2A3004FD086 /* Lensly */,
				8975373A2B87A2A3004FD086 /* Products */,
			);
			sourceTree = "<group>";
		};
		8975373A2B87A2A3004FD086 /* Products */ = {
			isa = PBXGroup;
			children = (
				897537392B87A2A3004FD086 /* Lensly.app */,
			);
			name = Products;
			sourceTree = "<group>";
		};
		8975373B2B87A2A3004FD086 /* Lensly */ = {
			isa = PBXGroup;
			children = (
				896AF9362B8A28A000D4D3CF /* Info.plist */,
				89CD72AB2B9A075C00406001 /* Models */,
				8969AEF52B8FDBA600D8868D /* Managers */,
				896AF9382B8A298A00D4D3CF /* Services */,
				89A7840C2B90A67D004CB8D0 /* Components */,
				89A7840F2B90B9BF004CB8D0 /* Additional Views */,
				89A784072B90A582004CB8D0 /* Root */,
				896AF9372B8A296F00D4D3CF /* Core */,
				89A784142B90BD79004CB8D0 /* Tools */,
				897537402B87A2A5004FD086 /* Assets.xcassets */,
				894ED51B2B9714C7007E0308 /* Fonts */,
				897537422B87A2A5004FD086 /* Preview Content */,
			);
			path = Lensly;
			sourceTree = "<group>";
		};
		897537422B87A2A5004FD086 /* Preview Content */ = {
			isa = PBXGroup;
			children = (
				897537432B87A2A5004FD086 /* Preview Assets.xcassets */,
			);
			path = "Preview Content";
			sourceTree = "<group>";
		};
		89A784072B90A582004CB8D0 /* Root */ = {
			isa = PBXGroup;
			children = (
				89A7840A2B90A5A8004CB8D0 /* HomeViewModel.swift */,
				89A784082B90A59C004CB8D0 /* HomeView.swift */,
			);
			path = Root;
			sourceTree = "<group>";
		};
		89A7840C2B90A67D004CB8D0 /* Components */ = {
			isa = PBXGroup;
			children = (
				89A7840D2B90A692004CB8D0 /* PhotoCaptureView.swift */,
				894ED53E2B973DF3007E0308 /* ManualControlBar.swift */,
			);
			path = Components;
			sourceTree = "<group>";
		};
		89A7840F2B90B9BF004CB8D0 /* Additional Views */ = {
			isa = PBXGroup;
			children = (
				89A784102B90B9F2004CB8D0 /* CameraView.swift */,
				89A784122B90BA41004CB8D0 /* CameraViewModel.swift */,
			);
			path = "Additional Views";
			sourceTree = "<group>";
		};
		89A784142B90BD79004CB8D0 /* Tools */ = {
			isa = PBXGroup;
			children = (
				89A784172B90BDAC004CB8D0 /* Extensions.swift */,
				89A784152B90BD8A004CB8D0 /* DetectRotationModifier.swift */,
				89A784192B90E65A004CB8D0 /* BlurView.swift */,
				894ED53C2B9736DC007E0308 /* CornerRadiusStyle.swift */,
			);
			path = Tools;
			sourceTree = "<group>";
		};
		89CD72AB2B9A075C00406001 /* Models */ = {
			isa = PBXGroup;
			children = (
				89CD72AC2B9A076400406001 /* CameraOption.swift */,
			);
			path = Models;
			sourceTree = "<group>";
		};
/* End PBXGroup section */

/* Begin PBXNativeTarget section */
		897537382B87A2A3004FD086 /* Lensly */ = {
			isa = PBXNativeTarget;
			buildConfigurationList = 897537472B87A2A5004FD086 /* Build configuration list for PBXNativeTarget "Lensly" */;
			buildPhases = (
				897537352B87A2A3004FD086 /* Sources */,
				897537362B87A2A3004FD086 /* Frameworks */,
				897537372B87A2A3004FD086 /* Resources */,
			);
			buildRules = (
			);
			dependencies = (
			);
			name = Lensly;
			productName = Lensly;
			productReference = 897537392B87A2A3004FD086 /* Lensly.app */;
			productType = "com.apple.product-type.application";
		};
/* End PBXNativeTarget section */

/* Begin PBXProject section */
		897537312B87A2A3004FD086 /* Project object */ = {
			isa = PBXProject;
			attributes = {
				BuildIndependentTargetsInParallel = 1;
				LastSwiftUpdateCheck = 1520;
				LastUpgradeCheck = 1520;
				TargetAttributes = {
					897537382B87A2A3004FD086 = {
						CreatedOnToolsVersion = 15.2;
					};
				};
			};
			buildConfigurationList = 897537342B87A2A3004FD086 /* Build configuration list for PBXProject "Lensly" */;
			compatibilityVersion = "Xcode 14.0";
			developmentRegion = en;
			hasScannedForEncodings = 0;
			knownRegions = (
				en,
				Base,
			);
			mainGroup = 897537302B87A2A3004FD086;
			productRefGroup = 8975373A2B87A2A3004FD086 /* Products */;
			projectDirPath = "";
			projectRoot = "";
			targets = (
				897537382B87A2A3004FD086 /* Lensly */,
			);
		};
/* End PBXProject section */

/* Begin PBXResourcesBuildPhase section */
		897537372B87A2A3004FD086 /* Resources */ = {
			isa = PBXResourcesBuildPhase;
			buildActionMask = 2147483647;
			files = (
				894ED5352B9715AE007E0308 /* Nunito-SemiBold.ttf in Resources */,
				894ED5302B9715AE007E0308 /* Nunito-BlackItalic.ttf in Resources */,
				894ED5362B9715AE007E0308 /* Nunito-Bold.ttf in Resources */,
				894ED53B2B9715AE007E0308 /* Nunito-ExtraBold.ttf in Resources */,
				894ED53A2B9715AE007E0308 /* Nunito-ExtraBoldItalic.ttf in Resources */,
				897537442B87A2A5004FD086 /* Preview Assets.xcassets in Resources */,
				894ED5372B9715AE007E0308 /* Nunito-Medium.ttf in Resources */,
				894ED52E2B9715AE007E0308 /* Nunito-Italic.ttf in Resources */,
				894ED5322B9715AE007E0308 /* Nunito-BoldItalic.ttf in Resources */,
				894ED52C2B9715AE007E0308 /* Nunito-ExtraLightItalic.ttf in Resources */,
				894ED5312B9715AE007E0308 /* Nunito-SemiBoldItalic.ttf in Resources */,
				894ED5342B9715AE007E0308 /* Nunito-Black.ttf in Resources */,
				894ED5392B9715AE007E0308 /* Nunito-Regular.ttf in Resources */,
				897537412B87A2A5004FD086 /* Assets.xcassets in Resources */,
				894ED5382B9715AE007E0308 /* Nunito-Light.ttf in Resources */,
				894ED52F2B9715AE007E0308 /* Nunito-LightItalic.ttf in Resources */,
				894ED5332B9715AE007E0308 /* Nunito-MediumItalic.ttf in Resources */,
				894ED52D2B9715AE007E0308 /* Nunito-ExtraLight.ttf in Resources */,
			);
			runOnlyForDeploymentPostprocessing = 0;
		};
/* End PBXResourcesBuildPhase section */

/* Begin PBXSourcesBuildPhase section */
		897537352B87A2A3004FD086 /* Sources */ = {
			isa = PBXSourcesBuildPhase;
			buildActionMask = 2147483647;
			files = (
				8969AEF42B8F8E2700D8868D /* AppDelegate.swift in Sources */,
				89A7840E2B90A692004CB8D0 /* PhotoCaptureView.swift in Sources */,
				89A7840B2B90A5A8004CB8D0 /* HomeViewModel.swift in Sources */,
				8975373F2B87A2A3004FD086 /* ContentView.swift in Sources */,
				89A784052B90A544004CB8D0 /* PermissionsManager.swift in Sources */,
				89A7841A2B90E65A004CB8D0 /* BlurView.swift in Sources */,
				89CD72B12B9A508700406001 /* ImageCompressor.swift in Sources */,
				89A784132B90BA41004CB8D0 /* CameraViewModel.swift in Sources */,
				894ED53F2B973DF3007E0308 /* ManualControlBar.swift in Sources */,
				89CD72AF2B9A318C00406001 /* NutinoFont.swift in Sources */,
				89A784092B90A59C004CB8D0 /* HomeView.swift in Sources */,
				89CD72AA2B99D51C00406001 /* PhotoLibraryService.swift in Sources */,
				894ED53D2B9736DC007E0308 /* CornerRadiusStyle.swift in Sources */,
				896AF93A2B8A299D00D4D3CF /* CameraService.swift in Sources */,
				89A784112B90B9F2004CB8D0 /* CameraView.swift in Sources */,
				89CD72B32B9A548A00406001 /* FocalLengthManager.swift in Sources */,
				89A784182B90BDAC004CB8D0 /* Extensions.swift in Sources */,
				89A784162B90BD8A004CB8D0 /* DetectRotationModifier.swift in Sources */,
				89CD72AD2B9A076400406001 /* CameraOption.swift in Sources */,
			);
			runOnlyForDeploymentPostprocessing = 0;
		};
/* End PBXSourcesBuildPhase section */

/* Begin XCBuildConfiguration section */
		897537452B87A2A5004FD086 /* Debug */ = {
			isa = XCBuildConfiguration;
			buildSettings = {
				ALWAYS_SEARCH_USER_PATHS = NO;
				ASSETCATALOG_COMPILER_GENERATE_SWIFT_ASSET_SYMBOL_EXTENSIONS = YES;
				CLANG_ANALYZER_NONNULL = YES;
				CLANG_ANALYZER_NUMBER_OBJECT_CONVERSION = YES_AGGRESSIVE;
				CLANG_CXX_LANGUAGE_STANDARD = "gnu++20";
				CLANG_ENABLE_MODULES = YES;
				CLANG_ENABLE_OBJC_ARC = YES;
				CLANG_ENABLE_OBJC_WEAK = YES;
				CLANG_WARN_BLOCK_CAPTURE_AUTORELEASING = YES;
				CLANG_WARN_BOOL_CONVERSION = YES;
				CLANG_WARN_COMMA = YES;
				CLANG_WARN_CONSTANT_CONVERSION = YES;
				CLANG_WARN_DEPRECATED_OBJC_IMPLEMENTATIONS = YES;
				CLANG_WARN_DIRECT_OBJC_ISA_USAGE = YES_ERROR;
				CLANG_WARN_DOCUMENTATION_COMMENTS = YES;
				CLANG_WARN_EMPTY_BODY = YES;
				CLANG_WARN_ENUM_CONVERSION = YES;
				CLANG_WARN_INFINITE_RECURSION = YES;
				CLANG_WARN_INT_CONVERSION = YES;
				CLANG_WARN_NON_LITERAL_NULL_CONVERSION = YES;
				CLANG_WARN_OBJC_IMPLICIT_RETAIN_SELF = YES;
				CLANG_WARN_OBJC_LITERAL_CONVERSION = YES;
				CLANG_WARN_OBJC_ROOT_CLASS = YES_ERROR;
				CLANG_WARN_QUOTED_INCLUDE_IN_FRAMEWORK_HEADER = YES;
				CLANG_WARN_RANGE_LOOP_ANALYSIS = YES;
				CLANG_WARN_STRICT_PROTOTYPES = YES;
				CLANG_WARN_SUSPICIOUS_MOVE = YES;
				CLANG_WARN_UNGUARDED_AVAILABILITY = YES_AGGRESSIVE;
				CLANG_WARN_UNREACHABLE_CODE = YES;
				CLANG_WARN__DUPLICATE_METHOD_MATCH = YES;
				COPY_PHASE_STRIP = NO;
				DEBUG_INFORMATION_FORMAT = dwarf;
				ENABLE_STRICT_OBJC_MSGSEND = YES;
				ENABLE_TESTABILITY = YES;
				ENABLE_USER_SCRIPT_SANDBOXING = YES;
				GCC_C_LANGUAGE_STANDARD = gnu17;
				GCC_DYNAMIC_NO_PIC = NO;
				GCC_NO_COMMON_BLOCKS = YES;
				GCC_OPTIMIZATION_LEVEL = 0;
				GCC_PREPROCESSOR_DEFINITIONS = (
					"DEBUG=1",
					"$(inherited)",
				);
				GCC_WARN_64_TO_32_BIT_CONVERSION = YES;
				GCC_WARN_ABOUT_RETURN_TYPE = YES_ERROR;
				GCC_WARN_UNDECLARED_SELECTOR = YES;
				GCC_WARN_UNINITIALIZED_AUTOS = YES_AGGRESSIVE;
				GCC_WARN_UNUSED_FUNCTION = YES;
				GCC_WARN_UNUSED_VARIABLE = YES;
				IPHONEOS_DEPLOYMENT_TARGET = 15.0;
				LOCALIZATION_PREFERS_STRING_CATALOGS = YES;
				MTL_ENABLE_DEBUG_INFO = INCLUDE_SOURCE;
				MTL_FAST_MATH = YES;
				ONLY_ACTIVE_ARCH = YES;
				SDKROOT = iphoneos;
				SWIFT_ACTIVE_COMPILATION_CONDITIONS = "DEBUG $(inherited)";
				SWIFT_OPTIMIZATION_LEVEL = "-Onone";
			};
			name = Debug;
		};
		897537462B87A2A5004FD086 /* Release */ = {
			isa = XCBuildConfiguration;
			buildSettings = {
				ALWAYS_SEARCH_USER_PATHS = NO;
				ASSETCATALOG_COMPILER_GENERATE_SWIFT_ASSET_SYMBOL_EXTENSIONS = YES;
				CLANG_ANALYZER_NONNULL = YES;
				CLANG_ANALYZER_NUMBER_OBJECT_CONVERSION = YES_AGGRESSIVE;
				CLANG_CXX_LANGUAGE_STANDARD = "gnu++20";
				CLANG_ENABLE_MODULES = YES;
				CLANG_ENABLE_OBJC_ARC = YES;
				CLANG_ENABLE_OBJC_WEAK = YES;
				CLANG_WARN_BLOCK_CAPTURE_AUTORELEASING = YES;
				CLANG_WARN_BOOL_CONVERSION = YES;
				CLANG_WARN_COMMA = YES;
				CLANG_WARN_CONSTANT_CONVERSION = YES;
				CLANG_WARN_DEPRECATED_OBJC_IMPLEMENTATIONS = YES;
				CLANG_WARN_DIRECT_OBJC_ISA_USAGE = YES_ERROR;
				CLANG_WARN_DOCUMENTATION_COMMENTS = YES;
				CLANG_WARN_EMPTY_BODY = YES;
				CLANG_WARN_ENUM_CONVERSION = YES;
				CLANG_WARN_INFINITE_RECURSION = YES;
				CLANG_WARN_INT_CONVERSION = YES;
				CLANG_WARN_NON_LITERAL_NULL_CONVERSION = YES;
				CLANG_WARN_OBJC_IMPLICIT_RETAIN_SELF = YES;
				CLANG_WARN_OBJC_LITERAL_CONVERSION = YES;
				CLANG_WARN_OBJC_ROOT_CLASS = YES_ERROR;
				CLANG_WARN_QUOTED_INCLUDE_IN_FRAMEWORK_HEADER = YES;
				CLANG_WARN_RANGE_LOOP_ANALYSIS = YES;
				CLANG_WARN_STRICT_PROTOTYPES = YES;
				CLANG_WARN_SUSPICIOUS_MOVE = YES;
				CLANG_WARN_UNGUARDED_AVAILABILITY = YES_AGGRESSIVE;
				CLANG_WARN_UNREACHABLE_CODE = YES;
				CLANG_WARN__DUPLICATE_METHOD_MATCH = YES;
				COPY_PHASE_STRIP = NO;
				DEBUG_INFORMATION_FORMAT = "dwarf-with-dsym";
				ENABLE_NS_ASSERTIONS = NO;
				ENABLE_STRICT_OBJC_MSGSEND = YES;
				ENABLE_USER_SCRIPT_SANDBOXING = YES;
				GCC_C_LANGUAGE_STANDARD = gnu17;
				GCC_NO_COMMON_BLOCKS = YES;
				GCC_WARN_64_TO_32_BIT_CONVERSION = YES;
				GCC_WARN_ABOUT_RETURN_TYPE = YES_ERROR;
				GCC_WARN_UNDECLARED_SELECTOR = YES;
				GCC_WARN_UNINITIALIZED_AUTOS = YES_AGGRESSIVE;
				GCC_WARN_UNUSED_FUNCTION = YES;
				GCC_WARN_UNUSED_VARIABLE = YES;
				IPHONEOS_DEPLOYMENT_TARGET = 15.0;
				LOCALIZATION_PREFERS_STRING_CATALOGS = YES;
				MTL_ENABLE_DEBUG_INFO = NO;
				MTL_FAST_MATH = YES;
				SDKROOT = iphoneos;
				SWIFT_COMPILATION_MODE = wholemodule;
				VALIDATE_PRODUCT = YES;
			};
			name = Release;
		};
		897537482B87A2A5004FD086 /* Debug */ = {
			isa = XCBuildConfiguration;
			buildSettings = {
				ASSETCATALOG_COMPILER_APPICON_NAME = AppIcon;
				ASSETCATALOG_COMPILER_GLOBAL_ACCENT_COLOR_NAME = AccentColor;
				CODE_SIGN_IDENTITY = "Apple Development";
				CODE_SIGN_STYLE = Automatic;
				CURRENT_PROJECT_VERSION = 1;
				DEVELOPMENT_ASSET_PATHS = "\"Lensly/Preview Content\"";
				DEVELOPMENT_TEAM = FSGMDDB4P8;
				ENABLE_PREVIEWS = YES;
				GENERATE_INFOPLIST_FILE = YES;
				INFOPLIST_FILE = Lensly/Info.plist;
				INFOPLIST_KEY_CFBundleDisplayName = Lensly;
				INFOPLIST_KEY_LSApplicationCategoryType = "public.app-category.photography";
				INFOPLIST_KEY_NSCameraUsageDescription = "Allow access to the camera to create pictures";
				INFOPLIST_KEY_NSPhotoLibraryUsageDescription = "Allow access to the photo library for pictures saving";
				INFOPLIST_KEY_UIApplicationSupportsIndirectInputEvents = YES;
				INFOPLIST_KEY_UILaunchScreen_Generation = YES;
				INFOPLIST_KEY_UISupportedInterfaceOrientations = "UIInterfaceOrientationLandscapeLeft UIInterfaceOrientationLandscapeRight UIInterfaceOrientationPortrait";
				IPHONEOS_DEPLOYMENT_TARGET = 15.0;
				LD_RUNPATH_SEARCH_PATHS = (
					"$(inherited)",
					"@executable_path/Frameworks",
				);
				MARKETING_VERSION = 1.0;
				PRODUCT_BUNDLE_IDENTIFIER = "com.icloud-bubiryov.Lensly";
				PRODUCT_NAME = "$(TARGET_NAME)";
				PROVISIONING_PROFILE_SPECIFIER = "";
				SUPPORTED_PLATFORMS = "iphoneos iphonesimulator";
				SUPPORTS_MACCATALYST = NO;
				SUPPORTS_MAC_DESIGNED_FOR_IPHONE_IPAD = NO;
				SUPPORTS_XR_DESIGNED_FOR_IPHONE_IPAD = NO;
				SWIFT_EMIT_LOC_STRINGS = YES;
				SWIFT_VERSION = 5.0;
				TARGETED_DEVICE_FAMILY = 1;
			};
			name = Debug;
		};
		897537492B87A2A5004FD086 /* Release */ = {
			isa = XCBuildConfiguration;
			buildSettings = {
				ASSETCATALOG_COMPILER_APPICON_NAME = AppIcon;
				ASSETCATALOG_COMPILER_GLOBAL_ACCENT_COLOR_NAME = AccentColor;
				CODE_SIGN_IDENTITY = "Apple Development";
				CODE_SIGN_STYLE = Automatic;
				CURRENT_PROJECT_VERSION = 1;
				DEVELOPMENT_ASSET_PATHS = "\"Lensly/Preview Content\"";
				DEVELOPMENT_TEAM = FSGMDDB4P8;
				ENABLE_PREVIEWS = YES;
				GENERATE_INFOPLIST_FILE = YES;
				INFOPLIST_FILE = Lensly/Info.plist;
				INFOPLIST_KEY_CFBundleDisplayName = Lensly;
				INFOPLIST_KEY_LSApplicationCategoryType = "public.app-category.photography";
				INFOPLIST_KEY_NSCameraUsageDescription = "Allow access to the camera to create pictures";
				INFOPLIST_KEY_NSPhotoLibraryUsageDescription = "Allow access to the photo library for pictures saving";
				INFOPLIST_KEY_UIApplicationSupportsIndirectInputEvents = YES;
				INFOPLIST_KEY_UILaunchScreen_Generation = YES;
				INFOPLIST_KEY_UISupportedInterfaceOrientations = "UIInterfaceOrientationLandscapeLeft UIInterfaceOrientationLandscapeRight UIInterfaceOrientationPortrait";
				IPHONEOS_DEPLOYMENT_TARGET = 15.0;
				LD_RUNPATH_SEARCH_PATHS = (
					"$(inherited)",
					"@executable_path/Frameworks",
				);
				MARKETING_VERSION = 1.0;
				PRODUCT_BUNDLE_IDENTIFIER = "com.icloud-bubiryov.Lensly";
				PRODUCT_NAME = "$(TARGET_NAME)";
				PROVISIONING_PROFILE_SPECIFIER = "";
				SUPPORTED_PLATFORMS = "iphoneos iphonesimulator";
				SUPPORTS_MACCATALYST = NO;
				SUPPORTS_MAC_DESIGNED_FOR_IPHONE_IPAD = NO;
				SUPPORTS_XR_DESIGNED_FOR_IPHONE_IPAD = NO;
				SWIFT_EMIT_LOC_STRINGS = YES;
				SWIFT_VERSION = 5.0;
				TARGETED_DEVICE_FAMILY = 1;
			};
			name = Release;
		};
/* End XCBuildConfiguration section */

/* Begin XCConfigurationList section */
		897537342B87A2A3004FD086 /* Build configuration list for PBXProject "Lensly" */ = {
			isa = XCConfigurationList;
			buildConfigurations = (
				897537452B87A2A5004FD086 /* Debug */,
				897537462B87A2A5004FD086 /* Release */,
			);
			defaultConfigurationIsVisible = 0;
			defaultConfigurationName = Release;
		};
		897537472B87A2A5004FD086 /* Build configuration list for PBXNativeTarget "Lensly" */ = {
			isa = XCConfigurationList;
			buildConfigurations = (
				897537482B87A2A5004FD086 /* Debug */,
				897537492B87A2A5004FD086 /* Release */,
			);
			defaultConfigurationIsVisible = 0;
			defaultConfigurationName = Release;
		};
/* End XCConfigurationList section */
	};
	rootObject = 897537312B87A2A3004FD086 /* Project object */;
}
